
Microsoft Visual Studio Solution File, Format Version 12.00
# Visual Studio 15
VisualStudioVersion = 15.0.27004.2009
MinimumVisualStudioVersion = 10.0.40219.1
Project("{9A19103F-16F7-4668-BE54-9A1E7A4F7556}") = "LYM.WebSite", "LYM.WebSite\LYM.WebSite.csproj", "{85B057D4-EB34-4B4E-B1F7-7788969A21D2}"
EndProject
Project("{9A19103F-16F7-4668-BE54-9A1E7A4F7556}") = "LYM.OAuth2OpenId", "LYM.OAuth2OpenId\LYM.OAuth2OpenId.csproj", "{722FFC0D-0403-4A18-A9AE-869C739A590E}"
EndProject
Project("{9A19103F-16F7-4668-BE54-9A1E7A4F7556}") = "LYM.Domain", "LYM.Domain\LYM.Domain.csproj", "{1B7F0783-90A5-4DF7-AF38-D938B5B8B767}"
EndProject
Project("{9A19103F-16F7-4668-BE54-9A1E7A4F7556}") = "LYM.Data.EntityFramework", "LYM.Data.EntityFramework\LYM.Data.EntityFramework.csproj", "{B904694B-D652-482F-B9E5-ABDF2A10EFD9}"
EndProject
Project("{9A19103F-16F7-4668-BE54-9A1E7A4F7556}") = "LYM.Core", "LYM.Core\LYM.Core.csproj", "{871497DD-6C5F-4BA3-9EF3-92EC46034CA2}"
EndProject
Project("{2150E333-8FDC-42A3-9474-1A3956D46DE8}") = "01-Infrastructure", "01-Infrastructure", "{3FCCA759-0A31-43BC-9BE2-6319A32875AE}"
EndProject
Project("{2150E333-8FDC-42A3-9474-1A3956D46DE8}") = "02-UI", "02-UI", "{7623C79C-CA87-42A0-9384-6D6D40F91A45}"
EndProject
Project("{2150E333-8FDC-42A3-9474-1A3956D46DE8}") = "03-IdentityServer4", "03-IdentityServer4", "{35A9D9DA-F06A-4467-8383-5586D579A3A0}"
EndProject
Project("{9A19103F-16F7-4668-BE54-9A1E7A4F7556}") = "IdentityServer4", "IdentityServer4\IdentityServer4.csproj", "{4C2B0574-3A25-4FD4-8FA4-20C16D5D616B}"
EndProject
Project("{9A19103F-16F7-4668-BE54-9A1E7A4F7556}") = "IdentityServer4.AccessTokenValidation", "IdentityServer4.AccessTokenValidation\IdentityServer4.AccessTokenValidation.csproj", "{008E9323-06BE-4DD3-AD89-D393E8847765}"
EndProject
Project("{9A19103F-16F7-4668-BE54-9A1E7A4F7556}") = "LYM.Resources", "LYM.Resources\LYM.Resources.csproj", "{AEC95DD9-DDF7-4A38-9F49-84D4D6955C51}"
EndProject
Project("{9A19103F-16F7-4668-BE54-9A1E7A4F7556}") = "LYM.ApiServices", "LYM.ApiServices\LYM.ApiServices.csproj", "{144DE85B-BAE0-4591-AB1D-EAC317E4B0F7}"
EndProject
Project("{2150E333-8FDC-42A3-9474-1A3956D46DE8}") = "04-Cap", "04-Cap", "{3CCAEEB8-587E-45D4-A13D-B1FEE5B66934}"
EndProject
Project("{9A19103F-16F7-4668-BE54-9A1E7A4F7556}") = "LYM.Cap", "LYM.Cap\LYM.Cap.csproj", "{BFC86655-F1B8-4C24-9D52-821B8991A15E}"
EndProject
Project("{9A19103F-16F7-4668-BE54-9A1E7A4F7556}") = "RabbitMQ_TEST", "RabbitMQ_TEST\RabbitMQ_TEST.csproj", "{184BBA8E-21B8-447A-9DB5-FB801BC7BE15}"
EndProject
Project("{9A19103F-16F7-4668-BE54-9A1E7A4F7556}") = "RabbitMQ_Client", "RabbitMQ_Client\RabbitMQ_Client.csproj", "{4C0081AE-A756-425C-B390-111ACD3097A3}"
EndProject
Project("{2150E333-8FDC-42A3-9474-1A3956D46DE8}") = "05-DapperInfrastructure", "05-DapperInfrastructure", "{2D1AD4DF-F97B-4C25-B952-AEE8B19BB0BD}"
EndProject
Project("{FAE04EC0-301F-11D3-BF4B-00C04F79EFBC}") = "LYM.DomainDapper", "LYM.DomainDapper\LYM.DomainDapper.csproj", "{86277745-A2C4-4594-AABB-B724F96256ED}"
EndProject
Project("{FAE04EC0-301F-11D3-BF4B-00C04F79EFBC}") = "LYM.Data.Dapper", "LYM.Data.Dapper\LYM.Data.Dapper.csproj", "{4ACA98D5-8FC9-4B8F-9A6A-EA7F6119353A}"
EndProject
Project("{2150E333-8FDC-42A3-9474-1A3956D46DE8}") = "06-DapperMiddleware", "06-DapperMiddleware", "{53337825-1D66-4EE6-87E4-6E8407A44503}"
EndProject
Project("{FAE04EC0-301F-11D3-BF4B-00C04F79EFBC}") = "LYM.Middleware", "LYM.Middleware\LYM.Middleware.csproj", "{C2B0A66F-A858-4D2D-A110-2F6634E97D78}"
EndProject
Project("{FAE04EC0-301F-11D3-BF4B-00C04F79EFBC}") = "WebTEST", "WebTEST\WebTEST.csproj", "{23DF4455-69E5-4EC9-8DEF-69F14CCD100D}"
EndProject
Global
	GlobalSection(SolutionConfigurationPlatforms) = preSolution
		Debug|Any CPU = Debug|Any CPU
		Release|Any CPU = Release|Any CPU
	EndGlobalSection
	GlobalSection(ProjectConfigurationPlatforms) = postSolution
		{85B057D4-EB34-4B4E-B1F7-7788969A21D2}.Debug|Any CPU.ActiveCfg = Debug|Any CPU
		{85B057D4-EB34-4B4E-B1F7-7788969A21D2}.Debug|Any CPU.Build.0 = Debug|Any CPU
		{85B057D4-EB34-4B4E-B1F7-7788969A21D2}.Release|Any CPU.ActiveCfg = Release|Any CPU
		{85B057D4-EB34-4B4E-B1F7-7788969A21D2}.Release|Any CPU.Build.0 = Release|Any CPU
		{722FFC0D-0403-4A18-A9AE-869C739A590E}.Debug|Any CPU.ActiveCfg = Debug|Any CPU
		{722FFC0D-0403-4A18-A9AE-869C739A590E}.Debug|Any CPU.Build.0 = Debug|Any CPU
		{722FFC0D-0403-4A18-A9AE-869C739A590E}.Release|Any CPU.ActiveCfg = Release|Any CPU
		{722FFC0D-0403-4A18-A9AE-869C739A590E}.Release|Any CPU.Build.0 = Release|Any CPU
		{1B7F0783-90A5-4DF7-AF38-D938B5B8B767}.Debug|Any CPU.ActiveCfg = Debug|Any CPU
		{1B7F0783-90A5-4DF7-AF38-D938B5B8B767}.Debug|Any CPU.Build.0 = Debug|Any CPU
		{1B7F0783-90A5-4DF7-AF38-D938B5B8B767}.Release|Any CPU.ActiveCfg = Release|Any CPU
		{1B7F0783-90A5-4DF7-AF38-D938B5B8B767}.Release|Any CPU.Build.0 = Release|Any CPU
		{B904694B-D652-482F-B9E5-ABDF2A10EFD9}.Debug|Any CPU.ActiveCfg = Debug|Any CPU
		{B904694B-D652-482F-B9E5-ABDF2A10EFD9}.Debug|Any CPU.Build.0 = Debug|Any CPU
		{B904694B-D652-482F-B9E5-ABDF2A10EFD9}.Release|Any CPU.ActiveCfg = Release|Any CPU
		{B904694B-D652-482F-B9E5-ABDF2A10EFD9}.Release|Any CPU.Build.0 = Release|Any CPU
		{871497DD-6C5F-4BA3-9EF3-92EC46034CA2}.Debug|Any CPU.ActiveCfg = Debug|Any CPU
		{871497DD-6C5F-4BA3-9EF3-92EC46034CA2}.Debug|Any CPU.Build.0 = Debug|Any CPU
		{871497DD-6C5F-4BA3-9EF3-92EC46034CA2}.Release|Any CPU.ActiveCfg = Release|Any CPU
		{871497DD-6C5F-4BA3-9EF3-92EC46034CA2}.Release|Any CPU.Build.0 = Release|Any CPU
		{4C2B0574-3A25-4FD4-8FA4-20C16D5D616B}.Debug|Any CPU.ActiveCfg = Debug|Any CPU
		{4C2B0574-3A25-4FD4-8FA4-20C16D5D616B}.Debug|Any CPU.Build.0 = Debug|Any CPU
		{4C2B0574-3A25-4FD4-8FA4-20C16D5D616B}.Release|Any CPU.ActiveCfg = Release|Any CPU
		{4C2B0574-3A25-4FD4-8FA4-20C16D5D616B}.Release|Any CPU.Build.0 = Release|Any CPU
		{008E9323-06BE-4DD3-AD89-D393E8847765}.Debug|Any CPU.ActiveCfg = Debug|Any CPU
		{008E9323-06BE-4DD3-AD89-D393E8847765}.Debug|Any CPU.Build.0 = Debug|Any CPU
		{008E9323-06BE-4DD3-AD89-D393E8847765}.Release|Any CPU.ActiveCfg = Release|Any CPU
		{008E9323-06BE-4DD3-AD89-D393E8847765}.Release|Any CPU.Build.0 = Release|Any CPU
		{AEC95DD9-DDF7-4A38-9F49-84D4D6955C51}.Debug|Any CPU.ActiveCfg = Debug|Any CPU
		{AEC95DD9-DDF7-4A38-9F49-84D4D6955C51}.Debug|Any CPU.Build.0 = Debug|Any CPU
		{AEC95DD9-DDF7-4A38-9F49-84D4D6955C51}.Release|Any CPU.ActiveCfg = Release|Any CPU
		{AEC95DD9-DDF7-4A38-9F49-84D4D6955C51}.Release|Any CPU.Build.0 = Release|Any CPU
		{144DE85B-BAE0-4591-AB1D-EAC317E4B0F7}.Debug|Any CPU.ActiveCfg = Debug|Any CPU
		{144DE85B-BAE0-4591-AB1D-EAC317E4B0F7}.Debug|Any CPU.Build.0 = Debug|Any CPU
		{144DE85B-BAE0-4591-AB1D-EAC317E4B0F7}.Release|Any CPU.ActiveCfg = Release|Any CPU
		{144DE85B-BAE0-4591-AB1D-EAC317E4B0F7}.Release|Any CPU.Build.0 = Release|Any CPU
		{BFC86655-F1B8-4C24-9D52-821B8991A15E}.Debug|Any CPU.ActiveCfg = Debug|Any CPU
		{BFC86655-F1B8-4C24-9D52-821B8991A15E}.Debug|Any CPU.Build.0 = Debug|Any CPU
		{BFC86655-F1B8-4C24-9D52-821B8991A15E}.Release|Any CPU.ActiveCfg = Release|Any CPU
		{BFC86655-F1B8-4C24-9D52-821B8991A15E}.Release|Any CPU.Build.0 = Release|Any CPU
		{184BBA8E-21B8-447A-9DB5-FB801BC7BE15}.Debug|Any CPU.ActiveCfg = Debug|Any CPU
		{184BBA8E-21B8-447A-9DB5-FB801BC7BE15}.Debug|Any CPU.Build.0 = Debug|Any CPU
		{184BBA8E-21B8-447A-9DB5-FB801BC7BE15}.Release|Any CPU.ActiveCfg = Release|Any CPU
		{184BBA8E-21B8-447A-9DB5-FB801BC7BE15}.Release|Any CPU.Build.0 = Release|Any CPU
		{4C0081AE-A756-425C-B390-111ACD3097A3}.Debug|Any CPU.ActiveCfg = Debug|Any CPU
		{4C0081AE-A756-425C-B390-111ACD3097A3}.Debug|Any CPU.Build.0 = Debug|Any CPU
		{4C0081AE-A756-425C-B390-111ACD3097A3}.Release|Any CPU.ActiveCfg = Release|Any CPU
		{4C0081AE-A756-425C-B390-111ACD3097A3}.Release|Any CPU.Build.0 = Release|Any CPU
		{86277745-A2C4-4594-AABB-B724F96256ED}.Debug|Any CPU.ActiveCfg = Debug|Any CPU
		{86277745-A2C4-4594-AABB-B724F96256ED}.Debug|Any CPU.Build.0 = Debug|Any CPU
		{86277745-A2C4-4594-AABB-B724F96256ED}.Release|Any CPU.ActiveCfg = Release|Any CPU
		{86277745-A2C4-4594-AABB-B724F96256ED}.Release|Any CPU.Build.0 = Release|Any CPU
		{4ACA98D5-8FC9-4B8F-9A6A-EA7F6119353A}.Debug|Any CPU.ActiveCfg = Debug|Any CPU
		{4ACA98D5-8FC9-4B8F-9A6A-EA7F6119353A}.Debug|Any CPU.Build.0 = Debug|Any CPU
		{4ACA98D5-8FC9-4B8F-9A6A-EA7F6119353A}.Release|Any CPU.ActiveCfg = Release|Any CPU
		{4ACA98D5-8FC9-4B8F-9A6A-EA7F6119353A}.Release|Any CPU.Build.0 = Release|Any CPU
		{C2B0A66F-A858-4D2D-A110-2F6634E97D78}.Debug|Any CPU.ActiveCfg = Debug|Any CPU
		{C2B0A66F-A858-4D2D-A110-2F6634E97D78}.Debug|Any CPU.Build.0 = Debug|Any CPU
		{C2B0A66F-A858-4D2D-A110-2F6634E97D78}.Release|Any CPU.ActiveCfg = Release|Any CPU
		{C2B0A66F-A858-4D2D-A110-2F6634E97D78}.Release|Any CPU.Build.0 = Release|Any CPU
		{23DF4455-69E5-4EC9-8DEF-69F14CCD100D}.Debug|Any CPU.ActiveCfg = Debug|Any CPU
		{23DF4455-69E5-4EC9-8DEF-69F14CCD100D}.Debug|Any CPU.Build.0 = Debug|Any CPU
		{23DF4455-69E5-4EC9-8DEF-69F14CCD100D}.Release|Any CPU.ActiveCfg = Release|Any CPU
		{23DF4455-69E5-4EC9-8DEF-69F14CCD100D}.Release|Any CPU.Build.0 = Release|Any CPU
	EndGlobalSection
	GlobalSection(SolutionProperties) = preSolution
		HideSolutionNode = FALSE
	EndGlobalSection
	GlobalSection(NestedProjects) = preSolution
		{85B057D4-EB34-4B4E-B1F7-7788969A21D2} = {7623C79C-CA87-42A0-9384-6D6D40F91A45}
		{722FFC0D-0403-4A18-A9AE-869C739A590E} = {7623C79C-CA87-42A0-9384-6D6D40F91A45}
		{1B7F0783-90A5-4DF7-AF38-D938B5B8B767} = {3FCCA759-0A31-43BC-9BE2-6319A32875AE}
		{B904694B-D652-482F-B9E5-ABDF2A10EFD9} = {3FCCA759-0A31-43BC-9BE2-6319A32875AE}
		{871497DD-6C5F-4BA3-9EF3-92EC46034CA2} = {3FCCA759-0A31-43BC-9BE2-6319A32875AE}
		{4C2B0574-3A25-4FD4-8FA4-20C16D5D616B} = {35A9D9DA-F06A-4467-8383-5586D579A3A0}
		{008E9323-06BE-4DD3-AD89-D393E8847765} = {35A9D9DA-F06A-4467-8383-5586D579A3A0}
		{AEC95DD9-DDF7-4A38-9F49-84D4D6955C51} = {7623C79C-CA87-42A0-9384-6D6D40F91A45}
		{144DE85B-BAE0-4591-AB1D-EAC317E4B0F7} = {7623C79C-CA87-42A0-9384-6D6D40F91A45}
		{BFC86655-F1B8-4C24-9D52-821B8991A15E} = {3CCAEEB8-587E-45D4-A13D-B1FEE5B66934}
		{184BBA8E-21B8-447A-9DB5-FB801BC7BE15} = {7623C79C-CA87-42A0-9384-6D6D40F91A45}
		{4C0081AE-A756-425C-B390-111ACD3097A3} = {7623C79C-CA87-42A0-9384-6D6D40F91A45}
		{86277745-A2C4-4594-AABB-B724F96256ED} = {2D1AD4DF-F97B-4C25-B952-AEE8B19BB0BD}
		{4ACA98D5-8FC9-4B8F-9A6A-EA7F6119353A} = {2D1AD4DF-F97B-4C25-B952-AEE8B19BB0BD}
		{C2B0A66F-A858-4D2D-A110-2F6634E97D78} = {53337825-1D66-4EE6-87E4-6E8407A44503}
		{23DF4455-69E5-4EC9-8DEF-69F14CCD100D} = {7623C79C-CA87-42A0-9384-6D6D40F91A45}
	EndGlobalSection
	GlobalSection(ExtensibilityGlobals) = postSolution
		SolutionGuid = {A712A26D-4CED-4360-BB2F-190AD52F74BE}
	EndGlobalSection
EndGlobal
